// !$*UTF8*$!
{
	archiveVersion = 1;
	classes = {
	};
	objectVersion = 56;
	objects = {

/* Begin PBXBuildFile section */
		1146A0EF2A856CE6008D7043 /* SpaceXApp.swift in Sources */ = {isa = PBXBuildFile; fileRef = 1146A0EE2A856CE6008D7043 /* SpaceXApp.swift */; };
		1146A0F12A856CE6008D7043 /* ContentView.swift in Sources */ = {isa = PBXBuildFile; fileRef = 1146A0F02A856CE6008D7043 /* ContentView.swift */; };
		1146A0F32A856CE7008D7043 /* Assets.xcassets in Resources */ = {isa = PBXBuildFile; fileRef = 1146A0F22A856CE7008D7043 /* Assets.xcassets */; };
		1146A0F72A856CE7008D7043 /* Preview Assets.xcassets in Resources */ = {isa = PBXBuildFile; fileRef = 1146A0F62A856CE7008D7043 /* Preview Assets.xcassets */; };
		1146A0FF2A856EA1008D7043 /* Hosts.swift in Sources */ = {isa = PBXBuildFile; fileRef = 1146A0FE2A856EA1008D7043 /* Hosts.swift */; };
		1146A1012A856EF3008D7043 /* Endpoints.swift in Sources */ = {isa = PBXBuildFile; fileRef = 1146A1002A856EF3008D7043 /* Endpoints.swift */; };
		1146A1052A8571A5008D7043 /* LaunchLibraryClient.swift in Sources */ = {isa = PBXBuildFile; fileRef = 1146A1042A8571A5008D7043 /* LaunchLibraryClient.swift */; };
		1146A1082A85720B008D7043 /* LaunchLibraryPaginatedResponse.swift in Sources */ = {isa = PBXBuildFile; fileRef = 1146A1072A85720B008D7043 /* LaunchLibraryPaginatedResponse.swift */; };
		1146A10C2A85736B008D7043 /* SpaceflightNewsPaginatedResponse.swift in Sources */ = {isa = PBXBuildFile; fileRef = 1146A10B2A85736B008D7043 /* SpaceflightNewsPaginatedResponse.swift */; };
		1146A10E2A8573F9008D7043 /* ArticleResponse.swift in Sources */ = {isa = PBXBuildFile; fileRef = 1146A10D2A8573F9008D7043 /* ArticleResponse.swift */; };
		1146A1102A858194008D7043 /* NetworkError.swift in Sources */ = {isa = PBXBuildFile; fileRef = 1146A10F2A858194008D7043 /* NetworkError.swift */; };
		1146A1122A85823F008D7043 /* LaunchResponse.swift in Sources */ = {isa = PBXBuildFile; fileRef = 1146A1112A85823F008D7043 /* LaunchResponse.swift */; };
		1146A1142A859627008D7043 /* HTTPDataDownloader.swift in Sources */ = {isa = PBXBuildFile; fileRef = 1146A1132A859627008D7043 /* HTTPDataDownloader.swift */; };
		1146A1162A8599E1008D7043 /* SpaceflightNewsClient.swift in Sources */ = {isa = PBXBuildFile; fileRef = 1146A1152A8599E1008D7043 /* SpaceflightNewsClient.swift */; };
/* End PBXBuildFile section */

/* Begin PBXFileReference section */
		1146A0EB2A856CE6008D7043 /* SpaceX.app */ = {isa = PBXFileReference; explicitFileType = wrapper.application; includeInIndex = 0; path = SpaceX.app; sourceTree = BUILT_PRODUCTS_DIR; };
		1146A0EE2A856CE6008D7043 /* SpaceXApp.swift */ = {isa = PBXFileReference; lastKnownFileType = sourcecode.swift; path = SpaceXApp.swift; sourceTree = "<group>"; };
		1146A0F02A856CE6008D7043 /* ContentView.swift */ = {isa = PBXFileReference; lastKnownFileType = sourcecode.swift; path = ContentView.swift; sourceTree = "<group>"; };
		1146A0F22A856CE7008D7043 /* Assets.xcassets */ = {isa = PBXFileReference; lastKnownFileType = folder.assetcatalog; path = Assets.xcassets; sourceTree = "<group>"; };
		1146A0F42A856CE7008D7043 /* SpaceX.entitlements */ = {isa = PBXFileReference; lastKnownFileType = text.plist.entitlements; path = SpaceX.entitlements; sourceTree = "<group>"; };
		1146A0F62A856CE7008D7043 /* Preview Assets.xcassets */ = {isa = PBXFileReference; lastKnownFileType = folder.assetcatalog; path = "Preview Assets.xcassets"; sourceTree = "<group>"; };
		1146A0FE2A856EA1008D7043 /* Hosts.swift */ = {isa = PBXFileReference; lastKnownFileType = sourcecode.swift; path = Hosts.swift; sourceTree = "<group>"; };
		1146A1002A856EF3008D7043 /* Endpoints.swift */ = {isa = PBXFileReference; lastKnownFileType = sourcecode.swift; path = Endpoints.swift; sourceTree = "<group>"; };
		1146A1042A8571A5008D7043 /* LaunchLibraryClient.swift */ = {isa = PBXFileReference; lastKnownFileType = sourcecode.swift; path = LaunchLibraryClient.swift; sourceTree = "<group>"; };
		1146A1072A85720B008D7043 /* LaunchLibraryPaginatedResponse.swift */ = {isa = PBXFileReference; lastKnownFileType = sourcecode.swift; path = LaunchLibraryPaginatedResponse.swift; sourceTree = "<group>"; };
		1146A10B2A85736B008D7043 /* SpaceflightNewsPaginatedResponse.swift */ = {isa = PBXFileReference; lastKnownFileType = sourcecode.swift; path = SpaceflightNewsPaginatedResponse.swift; sourceTree = "<group>"; };
		1146A10D2A8573F9008D7043 /* ArticleResponse.swift */ = {isa = PBXFileReference; lastKnownFileType = sourcecode.swift; path = ArticleResponse.swift; sourceTree = "<group>"; };
		1146A10F2A858194008D7043 /* NetworkError.swift */ = {isa = PBXFileReference; lastKnownFileType = sourcecode.swift; path = NetworkError.swift; sourceTree = "<group>"; };
		1146A1112A85823F008D7043 /* LaunchResponse.swift */ = {isa = PBXFileReference; lastKnownFileType = sourcecode.swift; path = LaunchResponse.swift; sourceTree = "<group>"; };
		1146A1132A859627008D7043 /* HTTPDataDownloader.swift */ = {isa = PBXFileReference; lastKnownFileType = sourcecode.swift; path = HTTPDataDownloader.swift; sourceTree = "<group>"; };
		1146A1152A8599E1008D7043 /* SpaceflightNewsClient.swift */ = {isa = PBXFileReference; lastKnownFileType = sourcecode.swift; path = SpaceflightNewsClient.swift; sourceTree = "<group>"; };
/* End PBXFileReference section */

/* Begin PBXFrameworksBuildPhase section */
		1146A0E82A856CE6008D7043 /* Frameworks */ = {
			isa = PBXFrameworksBuildPhase;
			buildActionMask = 2147483647;
			files = (
			);
			runOnlyForDeploymentPostprocessing = 0;
		};
/* End PBXFrameworksBuildPhase section */

/* Begin PBXGroup section */
		1146A0E22A856CE6008D7043 = {
			isa = PBXGroup;
			children = (
				1146A0ED2A856CE6008D7043 /* SpaceX */,
				1146A0EC2A856CE6008D7043 /* Products */,
			);
			sourceTree = "<group>";
		};
		1146A0EC2A856CE6008D7043 /* Products */ = {
			isa = PBXGroup;
			children = (
				1146A0EB2A856CE6008D7043 /* SpaceX.app */,
			);
			name = Products;
			sourceTree = "<group>";
		};
		1146A0ED2A856CE6008D7043 /* SpaceX */ = {
			isa = PBXGroup;
			children = (
				1146A0FD2A856E26008D7043 /* Network */,
				1146A0EE2A856CE6008D7043 /* SpaceXApp.swift */,
				1146A0F02A856CE6008D7043 /* ContentView.swift */,
				1146A0F22A856CE7008D7043 /* Assets.xcassets */,
				1146A0F42A856CE7008D7043 /* SpaceX.entitlements */,
				1146A0F52A856CE7008D7043 /* Preview Content */,
			);
			path = SpaceX;
			sourceTree = "<group>";
		};
		1146A0F52A856CE7008D7043 /* Preview Content */ = {
			isa = PBXGroup;
			children = (
				1146A0F62A856CE7008D7043 /* Preview Assets.xcassets */,
			);
			path = "Preview Content";
			sourceTree = "<group>";
		};
		1146A0FD2A856E26008D7043 /* Network */ = {
			isa = PBXGroup;
			children = (
				1146A1062A8571F4008D7043 /* DTO */,
				1146A1032A857184008D7043 /* Clients */,
				1146A1022A856F84008D7043 /* Constants */,
				1146A10F2A858194008D7043 /* NetworkError.swift */,
				1146A1132A859627008D7043 /* HTTPDataDownloader.swift */,
			);
			path = Network;
			sourceTree = "<group>";
		};
		1146A1022A856F84008D7043 /* Constants */ = {
			isa = PBXGroup;
			children = (
				1146A0FE2A856EA1008D7043 /* Hosts.swift */,
				1146A1002A856EF3008D7043 /* Endpoints.swift */,
			);
			path = Constants;
			sourceTree = "<group>";
		};
		1146A1032A857184008D7043 /* Clients */ = {
			isa = PBXGroup;
			children = (
				1146A1042A8571A5008D7043 /* LaunchLibraryClient.swift */,
				1146A1152A8599E1008D7043 /* SpaceflightNewsClient.swift */,
			);
			path = Clients;
			sourceTree = "<group>";
		};
		1146A1062A8571F4008D7043 /* DTO */ = {
			isa = PBXGroup;
			children = (
				1146A10A2A857351008D7043 /* SpaceflightNews */,
				1146A1092A857348008D7043 /* LaunchLibrary */,
			);
			path = DTO;
			sourceTree = "<group>";
		};
		1146A1092A857348008D7043 /* LaunchLibrary */ = {
			isa = PBXGroup;
			children = (
				1146A1072A85720B008D7043 /* LaunchLibraryPaginatedResponse.swift */,
				1146A1112A85823F008D7043 /* LaunchResponse.swift */,
			);
			path = LaunchLibrary;
			sourceTree = "<group>";
		};
		1146A10A2A857351008D7043 /* SpaceflightNews */ = {
			isa = PBXGroup;
			children = (
				1146A10B2A85736B008D7043 /* SpaceflightNewsPaginatedResponse.swift */,
				1146A10D2A8573F9008D7043 /* ArticleResponse.swift */,
			);
			path = SpaceflightNews;
			sourceTree = "<group>";
		};
/* End PBXGroup section */

/* Begin PBXNativeTarget section */
		1146A0EA2A856CE6008D7043 /* SpaceX */ = {
			isa = PBXNativeTarget;
			buildConfigurationList = 1146A0FA2A856CE7008D7043 /* Build configuration list for PBXNativeTarget "SpaceX" */;
			buildPhases = (
				1146A0E72A856CE6008D7043 /* Sources */,
				1146A0E82A856CE6008D7043 /* Frameworks */,
				1146A0E92A856CE6008D7043 /* Resources */,
			);
			buildRules = (
			);
			dependencies = (
			);
			name = SpaceX;
			productName = SpaceX;
			productReference = 1146A0EB2A856CE6008D7043 /* SpaceX.app */;
			productType = "com.apple.product-type.application";
		};
/* End PBXNativeTarget section */

/* Begin PBXProject section */
		1146A0E32A856CE6008D7043 /* Project object */ = {
			isa = PBXProject;
			attributes = {
				BuildIndependentTargetsInParallel = 1;
				LastSwiftUpdateCheck = 1430;
				LastUpgradeCheck = 1430;
				TargetAttributes = {
					1146A0EA2A856CE6008D7043 = {
						CreatedOnToolsVersion = 14.3.1;
					};
				};
			};
			buildConfigurationList = 1146A0E62A856CE6008D7043 /* Build configuration list for PBXProject "SpaceX" */;
			compatibilityVersion = "Xcode 14.0";
			developmentRegion = en;
			hasScannedForEncodings = 0;
			knownRegions = (
				en,
				Base,
			);
			mainGroup = 1146A0E22A856CE6008D7043;
			productRefGroup = 1146A0EC2A856CE6008D7043 /* Products */;
			projectDirPath = "";
			projectRoot = "";
			targets = (
				1146A0EA2A856CE6008D7043 /* SpaceX */,
			);
		};
/* End PBXProject section */

/* Begin PBXResourcesBuildPhase section */
		1146A0E92A856CE6008D7043 /* Resources */ = {
			isa = PBXResourcesBuildPhase;
			buildActionMask = 2147483647;
			files = (
				1146A0F72A856CE7008D7043 /* Preview Assets.xcassets in Resources */,
				1146A0F32A856CE7008D7043 /* Assets.xcassets in Resources */,
			);
			runOnlyForDeploymentPostprocessing = 0;
		};
/* End PBXResourcesBuildPhase section */

/* Begin PBXSourcesBuildPhase section */
		1146A0E72A856CE6008D7043 /* Sources */ = {
			isa = PBXSourcesBuildPhase;
			buildActionMask = 2147483647;
			files = (
				1146A1162A8599E1008D7043 /* SpaceflightNewsClient.swift in Sources */,
				1146A10C2A85736B008D7043 /* SpaceflightNewsPaginatedResponse.swift in Sources */,
				1146A1142A859627008D7043 /* HTTPDataDownloader.swift in Sources */,
				1146A0FF2A856EA1008D7043 /* Hosts.swift in Sources */,
				1146A0F12A856CE6008D7043 /* ContentView.swift in Sources */,
				1146A1122A85823F008D7043 /* LaunchResponse.swift in Sources */,
				1146A10E2A8573F9008D7043 /* ArticleResponse.swift in Sources */,
				1146A1012A856EF3008D7043 /* Endpoints.swift in Sources */,
				1146A1052A8571A5008D7043 /* LaunchLibraryClient.swift in Sources */,
				1146A1102A858194008D7043 /* NetworkError.swift in Sources */,
				1146A0EF2A856CE6008D7043 /* SpaceXApp.swift in Sources */,
				1146A1082A85720B008D7043 /* LaunchLibraryPaginatedResponse.swift in Sources */,
			);
			runOnlyForDeploymentPostprocessing = 0;
		};
/* End PBXSourcesBuildPhase section */

/* Begin XCBuildConfiguration section */
		1146A0F82A856CE7008D7043 /* Debug */ = {
			isa = XCBuildConfiguration;
			buildSettings = {
				ALWAYS_SEARCH_USER_PATHS = NO;
				CLANG_ANALYZER_NONNULL = YES;
				CLANG_ANALYZER_NUMBER_OBJECT_CONVERSION = YES_AGGRESSIVE;
				CLANG_CXX_LANGUAGE_STANDARD = "gnu++20";
				CLANG_ENABLE_MODULES = YES;
				CLANG_ENABLE_OBJC_ARC = YES;
				CLANG_ENABLE_OBJC_WEAK = YES;
				CLANG_WARN_BLOCK_CAPTURE_AUTORELEASING = YES;
				CLANG_WARN_BOOL_CONVERSION = YES;
				CLANG_WARN_COMMA = YES;
				CLANG_WARN_CONSTANT_CONVERSION = YES;
				CLANG_WARN_DEPRECATED_OBJC_IMPLEMENTATIONS = YES;
				CLANG_WARN_DIRECT_OBJC_ISA_USAGE = YES_ERROR;
				CLANG_WARN_DOCUMENTATION_COMMENTS = YES;
				CLANG_WARN_EMPTY_BODY = YES;
				CLANG_WARN_ENUM_CONVERSION = YES;
				CLANG_WARN_INFINITE_RECURSION = YES;
				CLANG_WARN_INT_CONVERSION = YES;
				CLANG_WARN_NON_LITERAL_NULL_CONVERSION = YES;
				CLANG_WARN_OBJC_IMPLICIT_RETAIN_SELF = YES;
				CLANG_WARN_OBJC_LITERAL_CONVERSION = YES;
				CLANG_WARN_OBJC_ROOT_CLASS = YES_ERROR;
				CLANG_WARN_QUOTED_INCLUDE_IN_FRAMEWORK_HEADER = YES;
				CLANG_WARN_RANGE_LOOP_ANALYSIS = YES;
				CLANG_WARN_STRICT_PROTOTYPES = YES;
				CLANG_WARN_SUSPICIOUS_MOVE = YES;
				CLANG_WARN_UNGUARDED_AVAILABILITY = YES_AGGRESSIVE;
				CLANG_WARN_UNREACHABLE_CODE = YES;
				CLANG_WARN__DUPLICATE_METHOD_MATCH = YES;
				COPY_PHASE_STRIP = NO;
				DEBUG_INFORMATION_FORMAT = dwarf;
				ENABLE_STRICT_OBJC_MSGSEND = YES;
				ENABLE_TESTABILITY = YES;
				GCC_C_LANGUAGE_STANDARD = gnu11;
				GCC_DYNAMIC_NO_PIC = NO;
				GCC_NO_COMMON_BLOCKS = YES;
				GCC_OPTIMIZATION_LEVEL = 0;
				GCC_PREPROCESSOR_DEFINITIONS = (
					"DEBUG=1",
					"$(inherited)",
				);
				GCC_WARN_64_TO_32_BIT_CONVERSION = YES;
				GCC_WARN_ABOUT_RETURN_TYPE = YES_ERROR;
				GCC_WARN_UNDECLARED_SELECTOR = YES;
				GCC_WARN_UNINITIALIZED_AUTOS = YES_AGGRESSIVE;
				GCC_WARN_UNUSED_FUNCTION = YES;
				GCC_WARN_UNUSED_VARIABLE = YES;
				MTL_ENABLE_DEBUG_INFO = INCLUDE_SOURCE;
				MTL_FAST_MATH = YES;
				ONLY_ACTIVE_ARCH = YES;
				SWIFT_ACTIVE_COMPILATION_CONDITIONS = DEBUG;
				SWIFT_OPTIMIZATION_LEVEL = "-Onone";
			};
			name = Debug;
		};
		1146A0F92A856CE7008D7043 /* Release */ = {
			isa = XCBuildConfiguration;
			buildSettings = {
				ALWAYS_SEARCH_USER_PATHS = NO;
				CLANG_ANALYZER_NONNULL = YES;
				CLANG_ANALYZER_NUMBER_OBJECT_CONVERSION = YES_AGGRESSIVE;
				CLANG_CXX_LANGUAGE_STANDARD = "gnu++20";
				CLANG_ENABLE_MODULES = YES;
				CLANG_ENABLE_OBJC_ARC = YES;
				CLANG_ENABLE_OBJC_WEAK = YES;
				CLANG_WARN_BLOCK_CAPTURE_AUTORELEASING = YES;
				CLANG_WARN_BOOL_CONVERSION = YES;
				CLANG_WARN_COMMA = YES;
				CLANG_WARN_CONSTANT_CONVERSION = YES;
				CLANG_WARN_DEPRECATED_OBJC_IMPLEMENTATIONS = YES;
				CLANG_WARN_DIRECT_OBJC_ISA_USAGE = YES_ERROR;
				CLANG_WARN_DOCUMENTATION_COMMENTS = YES;
				CLANG_WARN_EMPTY_BODY = YES;
				CLANG_WARN_ENUM_CONVERSION = YES;
				CLANG_WARN_INFINITE_RECURSION = YES;
				CLANG_WARN_INT_CONVERSION = YES;
				CLANG_WARN_NON_LITERAL_NULL_CONVERSION = YES;
				CLANG_WARN_OBJC_IMPLICIT_RETAIN_SELF = YES;
				CLANG_WARN_OBJC_LITERAL_CONVERSION = YES;
				CLANG_WARN_OBJC_ROOT_CLASS = YES_ERROR;
				CLANG_WARN_QUOTED_INCLUDE_IN_FRAMEWORK_HEADER = YES;
				CLANG_WARN_RANGE_LOOP_ANALYSIS = YES;
				CLANG_WARN_STRICT_PROTOTYPES = YES;
				CLANG_WARN_SUSPICIOUS_MOVE = YES;
				CLANG_WARN_UNGUARDED_AVAILABILITY = YES_AGGRESSIVE;
				CLANG_WARN_UNREACHABLE_CODE = YES;
				CLANG_WARN__DUPLICATE_METHOD_MATCH = YES;
				COPY_PHASE_STRIP = NO;
				DEBUG_INFORMATION_FORMAT = "dwarf-with-dsym";
				ENABLE_NS_ASSERTIONS = NO;
				ENABLE_STRICT_OBJC_MSGSEND = YES;
				GCC_C_LANGUAGE_STANDARD = gnu11;
				GCC_NO_COMMON_BLOCKS = YES;
				GCC_WARN_64_TO_32_BIT_CONVERSION = YES;
				GCC_WARN_ABOUT_RETURN_TYPE = YES_ERROR;
				GCC_WARN_UNDECLARED_SELECTOR = YES;
				GCC_WARN_UNINITIALIZED_AUTOS = YES_AGGRESSIVE;
				GCC_WARN_UNUSED_FUNCTION = YES;
				GCC_WARN_UNUSED_VARIABLE = YES;
				MTL_ENABLE_DEBUG_INFO = NO;
				MTL_FAST_MATH = YES;
				SWIFT_COMPILATION_MODE = wholemodule;
				SWIFT_OPTIMIZATION_LEVEL = "-O";
			};
			name = Release;
		};
		1146A0FB2A856CE7008D7043 /* Debug */ = {
			isa = XCBuildConfiguration;
			buildSettings = {
				ASSETCATALOG_COMPILER_APPICON_NAME = AppIcon;
				ASSETCATALOG_COMPILER_GLOBAL_ACCENT_COLOR_NAME = AccentColor;
				ASSETCATALOG_COMPILER_INCLUDE_ALL_APPICON_ASSETS = NO;
				CODE_SIGN_ENTITLEMENTS = SpaceX/SpaceX.entitlements;
				"CODE_SIGN_IDENTITY[sdk=macosx*]" = "Apple Development";
				CODE_SIGN_STYLE = Automatic;
				CURRENT_PROJECT_VERSION = 1;
				DEVELOPMENT_ASSET_PATHS = "\"SpaceX/Preview Content\"";
				DEVELOPMENT_TEAM = GQJW98Y2AM;
				ENABLE_HARDENED_RUNTIME = YES;
				ENABLE_PREVIEWS = YES;
				GENERATE_INFOPLIST_FILE = YES;
				"INFOPLIST_KEY_UIApplicationSceneManifest_Generation[sdk=iphoneos*]" = YES;
				"INFOPLIST_KEY_UIApplicationSceneManifest_Generation[sdk=iphonesimulator*]" = YES;
				"INFOPLIST_KEY_UIApplicationSupportsIndirectInputEvents[sdk=iphoneos*]" = YES;
				"INFOPLIST_KEY_UIApplicationSupportsIndirectInputEvents[sdk=iphonesimulator*]" = YES;
				"INFOPLIST_KEY_UILaunchScreen_Generation[sdk=iphoneos*]" = YES;
				"INFOPLIST_KEY_UILaunchScreen_Generation[sdk=iphonesimulator*]" = YES;
				"INFOPLIST_KEY_UIStatusBarStyle[sdk=iphoneos*]" = UIStatusBarStyleDefault;
				"INFOPLIST_KEY_UIStatusBarStyle[sdk=iphonesimulator*]" = UIStatusBarStyleDefault;
				INFOPLIST_KEY_UISupportedInterfaceOrientations_iPad = "UIInterfaceOrientationPortrait UIInterfaceOrientationPortraitUpsideDown UIInterfaceOrientationLandscapeLeft UIInterfaceOrientationLandscapeRight";
				INFOPLIST_KEY_UISupportedInterfaceOrientations_iPhone = "UIInterfaceOrientationPortrait UIInterfaceOrientationLandscapeLeft UIInterfaceOrientationLandscapeRight";
				IPHONEOS_DEPLOYMENT_TARGET = 16.4;
				LD_RUNPATH_SEARCH_PATHS = "@executable_path/Frameworks";
				"LD_RUNPATH_SEARCH_PATHS[sdk=macosx*]" = "@executable_path/../Frameworks";
				MACOSX_DEPLOYMENT_TARGET = 13.3;
				MARKETING_VERSION = 1.0;
				PRODUCT_BUNDLE_IDENTIFIER = "uk.co.zac-h.SpaceX";
				PRODUCT_NAME = "$(TARGET_NAME)";
				SDKROOT = auto;
				SUPPORTED_PLATFORMS = "iphoneos iphonesimulator macosx";
				SWIFT_EMIT_LOC_STRINGS = YES;
				SWIFT_VERSION = 5.0;
				TARGETED_DEVICE_FAMILY = "1,2";
			};
			name = Debug;
		};
		1146A0FC2A856CE7008D7043 /* Release */ = {
			isa = XCBuildConfiguration;
			buildSettings = {
				ASSETCATALOG_COMPILER_APPICON_NAME = AppIcon;
				ASSETCATALOG_COMPILER_GLOBAL_ACCENT_COLOR_NAME = AccentColor;
				ASSETCATALOG_COMPILER_INCLUDE_ALL_APPICON_ASSETS = NO;
				CODE_SIGN_ENTITLEMENTS = SpaceX/SpaceX.entitlements;
				"CODE_SIGN_IDENTITY[sdk=macosx*]" = "Apple Development";
				CODE_SIGN_STYLE = Automatic;
				CURRENT_PROJECT_VERSION = 1;
				DEVELOPMENT_ASSET_PATHS = "\"SpaceX/Preview Content\"";
				DEVELOPMENT_TEAM = GQJW98Y2AM;
				ENABLE_HARDENED_RUNTIME = YES;
				ENABLE_PREVIEWS = YES;
				GENERATE_INFOPLIST_FILE = YES;
				"INFOPLIST_KEY_UIApplicationSceneManifest_Generation[sdk=iphoneos*]" = YES;
				"INFOPLIST_KEY_UIApplicationSceneManifest_Generation[sdk=iphonesimulator*]" = YES;
				"INFOPLIST_KEY_UIApplicationSupportsIndirectInputEvents[sdk=iphoneos*]" = YES;
				"INFOPLIST_KEY_UIApplicationSupportsIndirectInputEvents[sdk=iphonesimulator*]" = YES;
				"INFOPLIST_KEY_UILaunchScreen_Generation[sdk=iphoneos*]" = YES;
				"INFOPLIST_KEY_UILaunchScreen_Generation[sdk=iphonesimulator*]" = YES;
				"INFOPLIST_KEY_UIStatusBarStyle[sdk=iphoneos*]" = UIStatusBarStyleDefault;
				"INFOPLIST_KEY_UIStatusBarStyle[sdk=iphonesimulator*]" = UIStatusBarStyleDefault;
				INFOPLIST_KEY_UISupportedInterfaceOrientations_iPad = "UIInterfaceOrientationPortrait UIInterfaceOrientationPortraitUpsideDown UIInterfaceOrientationLandscapeLeft UIInterfaceOrientationLandscapeRight";
				INFOPLIST_KEY_UISupportedInterfaceOrientations_iPhone = "UIInterfaceOrientationPortrait UIInterfaceOrientationLandscapeLeft UIInterfaceOrientationLandscapeRight";
				IPHONEOS_DEPLOYMENT_TARGET = 16.4;
				LD_RUNPATH_SEARCH_PATHS = "@executable_path/Frameworks";
				"LD_RUNPATH_SEARCH_PATHS[sdk=macosx*]" = "@executable_path/../Frameworks";
				MACOSX_DEPLOYMENT_TARGET = 13.3;
				MARKETING_VERSION = 1.0;
				PRODUCT_BUNDLE_IDENTIFIER = "uk.co.zac-h.SpaceX";
				PRODUCT_NAME = "$(TARGET_NAME)";
				SDKROOT = auto;
				SUPPORTED_PLATFORMS = "iphoneos iphonesimulator macosx";
				SWIFT_EMIT_LOC_STRINGS = YES;
				SWIFT_VERSION = 5.0;
				TARGETED_DEVICE_FAMILY = "1,2";
			};
			name = Release;
		};
/* End XCBuildConfiguration section */

/* Begin XCConfigurationList section */
		1146A0E62A856CE6008D7043 /* Build configuration list for PBXProject "SpaceX" */ = {
			isa = XCConfigurationList;
			buildConfigurations = (
				1146A0F82A856CE7008D7043 /* Debug */,
				1146A0F92A856CE7008D7043 /* Release */,
			);
			defaultConfigurationIsVisible = 0;
			defaultConfigurationName = Release;
		};
		1146A0FA2A856CE7008D7043 /* Build configuration list for PBXNativeTarget "SpaceX" */ = {
			isa = XCConfigurationList;
			buildConfigurations = (
				1146A0FB2A856CE7008D7043 /* Debug */,
				1146A0FC2A856CE7008D7043 /* Release */,
			);
			defaultConfigurationIsVisible = 0;
			defaultConfigurationName = Release;
		};
/* End XCConfigurationList section */
	};
	rootObject = 1146A0E32A856CE6008D7043 /* Project object */;
}
